<Solution>
  <Project Path="src/Maple.Models/Maple.Models.csproj" />
  <Project Path="src/Maple.Models.Templates.Runtime/Maple.Models.Templates.Runtime.csproj" />
  <Project Path="src/Maple.Models.Test/Maple.Models.Test.csproj" />
  <Project Path="src/Maple.Models.XyzTest/Maple.Models.XyzTest.csproj" />
  <Project Path="src/Maple.Models.Benchmarks/Maple.Models.Benchmarks.csproj" />
  <Project Path="src/Maple.Models.ComparisonBenchmarks/Maple.Models.ComparisonBenchmarks.csproj" />
  <Project Path="src/Maple.Models.Tester/Maple.Models.Tester.csproj" />
</Solution>
